
Microsoft Visual Studio Solution File, Format Version 12.00
# Visual Studio Version 17
VisualStudioVersion = 17.6.33620.401
MinimumVisualStudioVersion = 10.0.40219.1
Project("{9A19103F-16F7-4668-BE54-9A1E7A4F7556}") = "Carros", "Carros.csproj", "{7DA04497-FB47-4D80-86BB-BB3C370B412A}"
EndProject
Project("{2150E333-8FDC-42A3-9474-1A3956D46DE8}") = "Solution Items", "Solution Items", "{C3D9CB48-2087-4DBC-AB7B-F0C30C6FB294}"
	ProjectSection(SolutionItems) = preProject
		.editorconfig = .editorconfig
	EndProjectSection
EndProject
Global
	GlobalSection(SolutionConfigurationPlatforms) = preSolution
		Debug|Any CPU = Debug|Any CPU
		Release|Any CPU = Release|Any CPU
	EndGlobalSection
	GlobalSection(ProjectConfigurationPlatforms) = postSolution
		{7DA04497-FB47-4D80-86BB-BB3C370B412A}.Debug|Any CPU.ActiveCfg = Debug|Any CPU
		{7DA04497-FB47-4D80-86BB-BB3C370B412A}.Debug|Any CPU.Build.0 = Debug|Any CPU
		{7DA04497-FB47-4D80-86BB-BB3C370B412A}.Release|Any CPU.ActiveCfg = Release|Any CPU
		{7DA04497-FB47-4D80-86BB-BB3C370B412A}.Release|Any CPU.Build.0 = Release|Any CPU
	EndGlobalSection
	GlobalSection(SolutionProperties) = preSolution
		HideSolutionNode = FALSE
	EndGlobalSection
	GlobalSection(ExtensibilityGlobals) = postSolution
		SolutionGuid = {F3C813C9-E5FB-4D6F-B587-657AA5F3498B}
	EndGlobalSection
EndGlobal
